
Microsoft Visual Studio Solution File, Format Version 12.00
# Visual Studio Version 17
VisualStudioVersion = 17.0.31912.275
MinimumVisualStudioVersion = 10.0.40219.1
Project("{FAE04EC0-301F-11D3-BF4B-00C04F79EFBC}") = "Task1", "Task1.csproj", "{29CF0A45-64BC-4224-8BC9-53D6BB352BC8}"
EndProject
Global
	GlobalSection(SolutionConfigurationPlatforms) = preSolution
		Debug|Any CPU = Debug|Any CPU
		Release|Any CPU = Release|Any CPU
	EndGlobalSection
	GlobalSection(ProjectConfigurationPlatforms) = postSolution
		{29CF0A45-64BC-4224-8BC9-53D6BB352BC8}.Debug|Any CPU.ActiveCfg = Debug|Any CPU
		{29CF0A45-64BC-4224-8BC9-53D6BB352BC8}.Debug|Any CPU.Build.0 = Debug|Any CPU
		{29CF0A45-64BC-4224-8BC9-53D6BB352BC8}.Release|Any CPU.ActiveCfg = Release|Any CPU
		{29CF0A45-64BC-4224-8BC9-53D6BB352BC8}.Release|Any CPU.Build.0 = Release|Any CPU
	EndGlobalSection
	GlobalSection(SolutionProperties) = preSolution
		HideSolutionNode = FALSE
	EndGlobalSection
	GlobalSection(ExtensibilityGlobals) = postSolution
		SolutionGuid = {B39F6754-1254-4FF1-BE47-5AB9AF4F968D}
	EndGlobalSection
EndGlobal
